PODS:
  - FlutterMacOS (1.0.0)
  - rust_lib_frinda (0.0.1):
    - FlutterMacOS

DEPENDENCIES:
  - FlutterMacOS (from `Flutter/ephemeral`)
  - rust_lib_frinda (from `Flutter/ephemeral/.symlinks/plugins/rust_lib_frinda/macos`)

EXTERNAL SOURCES:
  FlutterMacOS:
    :path: Flutter/ephemeral
  rust_lib_frinda:
    :path: Flutter/ephemeral/.symlinks/plugins/rust_lib_frinda/macos

SPEC CHECKSUMS:
  FlutterMacOS: 8f6f14fa908a6fb3fba0cd85dbd81ec4b251fb24
  rust_lib_frinda: 39cfc2e7ace76032a634655dc33f119e51292f9d

PODFILE CHECKSUM: d1e60a71be8bcb8b846969240bd7de1d661b48b4

COCOAPODS: 1.15.2
